{
  "name": "mthink",
  "version": "1.0.0",
  "lockfileVersion": 3,
  "requires": true,
  "packages": {
    "": {
      "name": "mthink",
      "version": "1.0.0",
      "license": "MIT",
      "devDependencies": {
        "electron": "^28.0.0",
        "electron-builder": "^24.0.0"
      }
    }
  }
}